// !$*UTF8*$!
{
	archiveVersion = 1;
	classes = {
	};
	objectVersion = 55;
	objects = {

/* Begin PBXBuildFile section */
		29137BDD276F8EE8005646A1 /* AthkerList.swift in Sources */ = {isa = PBXBuildFile; fileRef = 29137BDC276F8EE8005646A1 /* AthkerList.swift */; };
		29137BDE276F8EE8005646A1 /* AthkerList.swift in Sources */ = {isa = PBXBuildFile; fileRef = 29137BDC276F8EE8005646A1 /* AthkerList.swift */; };
		29137BE0276F98FF005646A1 /* AzkariList.swift in Sources */ = {isa = PBXBuildFile; fileRef = 29137BDF276F98FF005646A1 /* AzkariList.swift */; };
		29149BC1279A010A00AD900C /* ChannelList.swift in Sources */ = {isa = PBXBuildFile; fileRef = 29149BC0279A010A00AD900C /* ChannelList.swift */; };
		2916CFF92797159400C298F1 /* NetworkHelper.swift in Sources */ = {isa = PBXBuildFile; fileRef = 2916CFF82797159400C298F1 /* NetworkHelper.swift */; };
		29177615277086FB005B949F /* AthkersData.swift in Sources */ = {isa = PBXBuildFile; fileRef = 29177614277086FB005B949F /* AthkersData.swift */; };
		29177616277086FB005B949F /* AthkersData.swift in Sources */ = {isa = PBXBuildFile; fileRef = 29177614277086FB005B949F /* AthkersData.swift */; };
		2917761C2770F8BB005B949F /* ColorExtention.swift in Sources */ = {isa = PBXBuildFile; fileRef = 2917761B2770F8BB005B949F /* ColorExtention.swift */; };
		2917761D2770F8BB005B949F /* ColorExtention.swift in Sources */ = {isa = PBXBuildFile; fileRef = 2917761B2770F8BB005B949F /* ColorExtention.swift */; };
		291776202770F95E005B949F /* AthkariRow.swift in Sources */ = {isa = PBXBuildFile; fileRef = 2917761F2770F95E005B949F /* AthkariRow.swift */; };
		291776232770FE31005B949F /* Athzari.swift in Sources */ = {isa = PBXBuildFile; fileRef = 291776222770FE31005B949F /* Athzari.swift */; };
		291776242770FE31005B949F /* Athzari.swift in Sources */ = {isa = PBXBuildFile; fileRef = 291776222770FE31005B949F /* Athzari.swift */; };
		291776262770FED8005B949F /* AthkarisData.swift in Sources */ = {isa = PBXBuildFile; fileRef = 291776252770FED8005B949F /* AthkarisData.swift */; };
		291776272770FED8005B949F /* AthkarisData.swift in Sources */ = {isa = PBXBuildFile; fileRef = 291776252770FED8005B949F /* AthkarisData.swift */; };
		291CDB95277F62E90087DB68 /* AthkerReminder.swift in Sources */ = {isa = PBXBuildFile; fileRef = 291CDB94277F62E90087DB68 /* AthkerReminder.swift */; };
		292A463D2782383800882B24 /* FloatingActionButton.swift in Sources */ = {isa = PBXBuildFile; fileRef = 292A463C2782383800882B24 /* FloatingActionButton.swift */; };
		292A463F2782479D00882B24 /* AddAthkari.swift in Sources */ = {isa = PBXBuildFile; fileRef = 292A463E2782479D00882B24 /* AddAthkari.swift */; };
		293AF18D276D1B1A00E7D6FA /* AthkerRow.swift in Sources */ = {isa = PBXBuildFile; fileRef = 293AF18C276D1B1A00E7D6FA /* AthkerRow.swift */; };
		293AF18E276D1B1A00E7D6FA /* AthkerRow.swift in Sources */ = {isa = PBXBuildFile; fileRef = 293AF18C276D1B1A00E7D6FA /* AthkerRow.swift */; };
		294153022796045F00CF4EA4 /* AthkerDetails.swift in Sources */ = {isa = PBXBuildFile; fileRef = 294153012796045F00CF4EA4 /* AthkerDetails.swift */; };
		29445B4B2780D22E00DEAEEF /* NotificationManager.swift in Sources */ = {isa = PBXBuildFile; fileRef = 29445B4A2780D22E00DEAEEF /* NotificationManager.swift */; };
		29445B4E2780D3D600DEAEEF /* NotificationTask.swift in Sources */ = {isa = PBXBuildFile; fileRef = 29445B4D2780D3D600DEAEEF /* NotificationTask.swift */; };
		2946024D278B084C00BFA864 /* Zikr Azker.xcdatamodeld in Sources */ = {isa = PBXBuildFile; fileRef = 2946024B278B084C00BFA864 /* Zikr Azker.xcdatamodeld */; };
		2947FCB927980F2200FCD6FF /* AthkarDetailsRow.swift in Sources */ = {isa = PBXBuildFile; fileRef = 2947FCB827980F2200FCD6FF /* AthkarDetailsRow.swift */; };
		299883F22768A978001790D6 /* Zikr_AzkerApp.swift in Sources */ = {isa = PBXBuildFile; fileRef = 299883E22768A976001790D6 /* Zikr_AzkerApp.swift */; };
		299883F42768A978001790D6 /* ContentView.swift in Sources */ = {isa = PBXBuildFile; fileRef = 299883E32768A976001790D6 /* ContentView.swift */; };
		299883F52768A978001790D6 /* ContentView.swift in Sources */ = {isa = PBXBuildFile; fileRef = 299883E32768A976001790D6 /* ContentView.swift */; };
		299883F62768A978001790D6 /* Assets.xcassets in Resources */ = {isa = PBXBuildFile; fileRef = 299883E42768A978001790D6 /* Assets.xcassets */; };
		29E30009276E5EE100DBA43D /* Athker.swift in Sources */ = {isa = PBXBuildFile; fileRef = 29E30008276E5EE100DBA43D /* Athker.swift */; };
/* End PBXBuildFile section */

/* Begin PBXFileReference section */
		29137BDC276F8EE8005646A1 /* AthkerList.swift */ = {isa = PBXFileReference; lastKnownFileType = sourcecode.swift; path = AthkerList.swift; sourceTree = "<group>"; };
		29137BDF276F98FF005646A1 /* AzkariList.swift */ = {isa = PBXFileReference; lastKnownFileType = sourcecode.swift; path = AzkariList.swift; sourceTree = "<group>"; };
		29149BC0279A010A00AD900C /* ChannelList.swift */ = {isa = PBXFileReference; lastKnownFileType = sourcecode.swift; path = ChannelList.swift; sourceTree = "<group>"; };
		2916CFF82797159400C298F1 /* NetworkHelper.swift */ = {isa = PBXFileReference; lastKnownFileType = sourcecode.swift; path = NetworkHelper.swift; sourceTree = "<group>"; };
		29177614277086FB005B949F /* AthkersData.swift */ = {isa = PBXFileReference; lastKnownFileType = sourcecode.swift; path = AthkersData.swift; sourceTree = "<group>"; };
		2917761B2770F8BB005B949F /* ColorExtention.swift */ = {isa = PBXFileReference; lastKnownFileType = sourcecode.swift; path = ColorExtention.swift; sourceTree = "<group>"; };
		2917761F2770F95E005B949F /* AthkariRow.swift */ = {isa = PBXFileReference; lastKnownFileType = sourcecode.swift; path = AthkariRow.swift; sourceTree = "<group>"; };
		291776222770FE31005B949F /* Athzari.swift */ = {isa = PBXFileReference; lastKnownFileType = sourcecode.swift; path = Athzari.swift; sourceTree = "<group>"; };
		291776252770FED8005B949F /* AthkarisData.swift */ = {isa = PBXFileReference; lastKnownFileType = sourcecode.swift; path = AthkarisData.swift; sourceTree = "<group>"; };
		291CDB94277F62E90087DB68 /* AthkerReminder.swift */ = {isa = PBXFileReference; lastKnownFileType = sourcecode.swift; path = AthkerReminder.swift; sourceTree = "<group>"; };
		292A463C2782383800882B24 /* FloatingActionButton.swift */ = {isa = PBXFileReference; lastKnownFileType = sourcecode.swift; path = FloatingActionButton.swift; sourceTree = "<group>"; };
		292A463E2782479D00882B24 /* AddAthkari.swift */ = {isa = PBXFileReference; lastKnownFileType = sourcecode.swift; path = AddAthkari.swift; sourceTree = "<group>"; };
		293AF18C276D1B1A00E7D6FA /* AthkerRow.swift */ = {isa = PBXFileReference; lastKnownFileType = sourcecode.swift; path = AthkerRow.swift; sourceTree = "<group>"; };
		294153012796045F00CF4EA4 /* AthkerDetails.swift */ = {isa = PBXFileReference; lastKnownFileType = sourcecode.swift; path = AthkerDetails.swift; sourceTree = "<group>"; };
		29445B4A2780D22E00DEAEEF /* NotificationManager.swift */ = {isa = PBXFileReference; lastKnownFileType = sourcecode.swift; path = NotificationManager.swift; sourceTree = "<group>"; };
		29445B4D2780D3D600DEAEEF /* NotificationTask.swift */ = {isa = PBXFileReference; lastKnownFileType = sourcecode.swift; path = NotificationTask.swift; sourceTree = "<group>"; };
		2946024C278B084C00BFA864 /* Zikr Azker.xcdatamodel */ = {isa = PBXFileReference; lastKnownFileType = wrapper.xcdatamodel; path = "Zikr Azker.xcdatamodel"; sourceTree = "<group>"; };
		2947FCB7279803C200FCD6FF /* Zikr-Azker--iOS--Info.plist */ = {isa = PBXFileReference; lastKnownFileType = text.plist; path = "Zikr-Azker--iOS--Info.plist"; sourceTree = "<group>"; };
		2947FCB827980F2200FCD6FF /* AthkarDetailsRow.swift */ = {isa = PBXFileReference; lastKnownFileType = sourcecode.swift; path = AthkarDetailsRow.swift; sourceTree = "<group>"; };
		299883E22768A976001790D6 /* Zikr_AzkerApp.swift */ = {isa = PBXFileReference; lastKnownFileType = sourcecode.swift; path = Zikr_AzkerApp.swift; sourceTree = "<group>"; };
		299883E32768A976001790D6 /* ContentView.swift */ = {isa = PBXFileReference; lastKnownFileType = sourcecode.swift; path = ContentView.swift; sourceTree = "<group>"; };
		299883E42768A978001790D6 /* Assets.xcassets */ = {isa = PBXFileReference; lastKnownFileType = folder.assetcatalog; path = Assets.xcassets; sourceTree = "<group>"; };
		299883E92768A978001790D6 /* Zikr Azker.app */ = {isa = PBXFileReference; explicitFileType = wrapper.application; includeInIndex = 0; path = "Zikr Azker.app"; sourceTree = BUILT_PRODUCTS_DIR; };
		299883EF2768A978001790D6 /* Zikr Azker.app */ = {isa = PBXFileReference; explicitFileType = wrapper.application; includeInIndex = 0; path = "Zikr Azker.app"; sourceTree = BUILT_PRODUCTS_DIR; };
		29E30008276E5EE100DBA43D /* Athker.swift */ = {isa = PBXFileReference; lastKnownFileType = sourcecode.swift; path = Athker.swift; sourceTree = "<group>"; };
/* End PBXFileReference section */

/* Begin PBXFrameworksBuildPhase section */
		299883E62768A978001790D6 /* Frameworks */ = {
			isa = PBXFrameworksBuildPhase;
			buildActionMask = 2147483647;
			files = (
			);
			runOnlyForDeploymentPostprocessing = 0;
		};
		299883EC2768A978001790D6 /* Frameworks */ = {
			isa = PBXFrameworksBuildPhase;
			buildActionMask = 2147483647;
			files = (
			);
			runOnlyForDeploymentPostprocessing = 0;
		};
/* End PBXFrameworksBuildPhase section */

/* Begin PBXGroup section */
		29149BBF279A00D300AD900C /* ChannelScreen */ = {
			isa = PBXGroup;
			children = (
				29149BC0279A010A00AD900C /* ChannelList.swift */,
			);
			path = ChannelScreen;
			sourceTree = "<group>";
		};
		291776172770F7F9005B949F /* Models */ = {
			isa = PBXGroup;
			children = (
				29E30008276E5EE100DBA43D /* Athker.swift */,
				291776222770FE31005B949F /* Athzari.swift */,
			);
			path = Models;
			sourceTree = "<group>";
		};
		291776182770F812005B949F /* Data */ = {
			isa = PBXGroup;
			children = (
				29177614277086FB005B949F /* AthkersData.swift */,
				291776252770FED8005B949F /* AthkarisData.swift */,
				2916CFF82797159400C298F1 /* NetworkHelper.swift */,
			);
			path = Data;
			sourceTree = "<group>";
		};
		291776192770F872005B949F /* Views */ = {
			isa = PBXGroup;
			children = (
				29149BBF279A00D300AD900C /* ChannelScreen */,
				2917761E2770F930005B949F /* AthksariScreen */,
				2917761A2770F880005B949F /* AthkerScreen */,
			);
			path = Views;
			sourceTree = "<group>";
		};
		2917761A2770F880005B949F /* AthkerScreen */ = {
			isa = PBXGroup;
			children = (
				293AF18C276D1B1A00E7D6FA /* AthkerRow.swift */,
				29137BDC276F8EE8005646A1 /* AthkerList.swift */,
				291CDB94277F62E90087DB68 /* AthkerReminder.swift */,
				294153012796045F00CF4EA4 /* AthkerDetails.swift */,
				2947FCB827980F2200FCD6FF /* AthkarDetailsRow.swift */,
			);
			path = AthkerScreen;
			sourceTree = "<group>";
		};
		2917761E2770F930005B949F /* AthksariScreen */ = {
			isa = PBXGroup;
			children = (
				29137BDF276F98FF005646A1 /* AzkariList.swift */,
				2917761F2770F95E005B949F /* AthkariRow.swift */,
				292A463C2782383800882B24 /* FloatingActionButton.swift */,
				292A463E2782479D00882B24 /* AddAthkari.swift */,
			);
			path = AthksariScreen;
			sourceTree = "<group>";
		};
		299883DC2768A976001790D6 = {
			isa = PBXGroup;
			children = (
				2947FCB7279803C200FCD6FF /* Zikr-Azker--iOS--Info.plist */,
				299883E12768A976001790D6 /* Shared */,
				299883EA2768A978001790D6 /* Products */,
			);
			sourceTree = "<group>";
		};
		299883E12768A976001790D6 /* Shared */ = {
			isa = PBXGroup;
			children = (
				291776192770F872005B949F /* Views */,
				291776182770F812005B949F /* Data */,
				291776172770F7F9005B949F /* Models */,
				299883E22768A976001790D6 /* Zikr_AzkerApp.swift */,
				299883E32768A976001790D6 /* ContentView.swift */,
				299883E42768A978001790D6 /* Assets.xcassets */,
				2917761B2770F8BB005B949F /* ColorExtention.swift */,
				29445B4A2780D22E00DEAEEF /* NotificationManager.swift */,
				29445B4D2780D3D600DEAEEF /* NotificationTask.swift */,
				2946024B278B084C00BFA864 /* Zikr Azker.xcdatamodeld */,
			);
			path = Shared;
			sourceTree = "<group>";
		};
		299883EA2768A978001790D6 /* Products */ = {
			isa = PBXGroup;
			children = (
				299883E92768A978001790D6 /* Zikr Azker.app */,
				299883EF2768A978001790D6 /* Zikr Azker.app */,
			);
			name = Products;
			sourceTree = "<group>";
		};
/* End PBXGroup section */

/* Begin PBXNativeTarget section */
		299883E82768A978001790D6 /* Zikr Azker (iOS) */ = {
			isa = PBXNativeTarget;
			buildConfigurationList = 299883FA2768A978001790D6 /* Build configuration list for PBXNativeTarget "Zikr Azker (iOS)" */;
			buildPhases = (
				299883E52768A978001790D6 /* Sources */,
				299883E62768A978001790D6 /* Frameworks */,
				299883E72768A978001790D6 /* Resources */,
			);
			buildRules = (
			);
			dependencies = (
			);
			name = "Zikr Azker (iOS)";
			productName = "Zikr Azker (iOS)";
			productReference = 299883E92768A978001790D6 /* Zikr Azker.app */;
			productType = "com.apple.product-type.application";
		};
		299883EE2768A978001790D6 /* Zikr Azker (macOS) */ = {
			isa = PBXNativeTarget;
			buildConfigurationList = 299883FD2768A978001790D6 /* Build configuration list for PBXNativeTarget "Zikr Azker (macOS)" */;
			buildPhases = (
				299883EB2768A978001790D6 /* Sources */,
				299883EC2768A978001790D6 /* Frameworks */,
				299883ED2768A978001790D6 /* Resources */,
			);
			buildRules = (
			);
			dependencies = (
			);
			name = "Zikr Azker (macOS)";
			productName = "Zikr Azker (macOS)";
			productReference = 299883EF2768A978001790D6 /* Zikr Azker.app */;
			productType = "com.apple.product-type.application";
		};
/* End PBXNativeTarget section */

/* Begin PBXProject section */
		299883DD2768A976001790D6 /* Project object */ = {
			isa = PBXProject;
			attributes = {
				BuildIndependentTargetsInParallel = 1;
				LastSwiftUpdateCheck = 1310;
				LastUpgradeCheck = 1320;
				TargetAttributes = {
					299883E82768A978001790D6 = {
						CreatedOnToolsVersion = 13.1;
					};
					299883EE2768A978001790D6 = {
						CreatedOnToolsVersion = 13.1;
					};
				};
			};
			buildConfigurationList = 299883E02768A976001790D6 /* Build configuration list for PBXProject "Zikr Azker" */;
			compatibilityVersion = "Xcode 13.0";
			developmentRegion = en;
			hasScannedForEncodings = 0;
			knownRegions = (
				en,
				Base,
			);
			mainGroup = 299883DC2768A976001790D6;
			productRefGroup = 299883EA2768A978001790D6 /* Products */;
			projectDirPath = "";
			projectRoot = "";
			targets = (
				299883E82768A978001790D6 /* Zikr Azker (iOS) */,
				299883EE2768A978001790D6 /* Zikr Azker (macOS) */,
			);
		};
/* End PBXProject section */

/* Begin PBXResourcesBuildPhase section */
		299883E72768A978001790D6 /* Resources */ = {
			isa = PBXResourcesBuildPhase;
			buildActionMask = 2147483647;
			files = (
				299883F62768A978001790D6 /* Assets.xcassets in Resources */,
			);
			runOnlyForDeploymentPostprocessing = 0;
		};
		299883ED2768A978001790D6 /* Resources */ = {
			isa = PBXResourcesBuildPhase;
			buildActionMask = 2147483647;
			files = (
			);
			runOnlyForDeploymentPostprocessing = 0;
		};
/* End PBXResourcesBuildPhase section */

/* Begin PBXSourcesBuildPhase section */
		299883E52768A978001790D6 /* Sources */ = {
			isa = PBXSourcesBuildPhase;
			buildActionMask = 2147483647;
			files = (
				2946024D278B084C00BFA864 /* Zikr Azker.xcdatamodeld in Sources */,
				294153022796045F00CF4EA4 /* AthkerDetails.swift in Sources */,
				29445B4E2780D3D600DEAEEF /* NotificationTask.swift in Sources */,
				29E30009276E5EE100DBA43D /* Athker.swift in Sources */,
				292A463D2782383800882B24 /* FloatingActionButton.swift in Sources */,
				29149BC1279A010A00AD900C /* ChannelList.swift in Sources */,
				292A463F2782479D00882B24 /* AddAthkari.swift in Sources */,
				2916CFF92797159400C298F1 /* NetworkHelper.swift in Sources */,
				291CDB95277F62E90087DB68 /* AthkerReminder.swift in Sources */,
				29137BE0276F98FF005646A1 /* AzkariList.swift in Sources */,
				2947FCB927980F2200FCD6FF /* AthkarDetailsRow.swift in Sources */,
				29445B4B2780D22E00DEAEEF /* NotificationManager.swift in Sources */,
				291776202770F95E005B949F /* AthkariRow.swift in Sources */,
				293AF18D276D1B1A00E7D6FA /* AthkerRow.swift in Sources */,
				29177615277086FB005B949F /* AthkersData.swift in Sources */,
				2917761C2770F8BB005B949F /* ColorExtention.swift in Sources */,
				299883F42768A978001790D6 /* ContentView.swift in Sources */,
				291776232770FE31005B949F /* Athzari.swift in Sources */,
				299883F22768A978001790D6 /* Zikr_AzkerApp.swift in Sources */,
				29137BDD276F8EE8005646A1 /* AthkerList.swift in Sources */,
				291776262770FED8005B949F /* AthkarisData.swift in Sources */,
			);
			runOnlyForDeploymentPostprocessing = 0;
		};
		299883EB2768A978001790D6 /* Sources */ = {
			isa = PBXSourcesBuildPhase;
			buildActionMask = 2147483647;
			files = (
				293AF18E276D1B1A00E7D6FA /* AthkerRow.swift in Sources */,
				29177616277086FB005B949F /* AthkersData.swift in Sources */,
				2917761D2770F8BB005B949F /* ColorExtention.swift in Sources */,
				299883F52768A978001790D6 /* ContentView.swift in Sources */,
				291776242770FE31005B949F /* Athzari.swift in Sources */,
				29137BDE276F8EE8005646A1 /* AthkerList.swift in Sources */,
				291776272770FED8005B949F /* AthkarisData.swift in Sources */,
			);
			runOnlyForDeploymentPostprocessing = 0;
		};
/* End PBXSourcesBuildPhase section */

/* Begin XCBuildConfiguration section */
		299883F82768A978001790D6 /* Debug */ = {
			isa = XCBuildConfiguration;
			buildSettings = {
				ALWAYS_SEARCH_USER_PATHS = NO;
				CLANG_ANALYZER_NONNULL = YES;
				CLANG_ANALYZER_NUMBER_OBJECT_CONVERSION = YES_AGGRESSIVE;
				CLANG_CXX_LANGUAGE_STANDARD = "gnu++17";
				CLANG_CXX_LIBRARY = "libc++";
				CLANG_ENABLE_MODULES = YES;
				CLANG_ENABLE_OBJC_ARC = YES;
				CLANG_ENABLE_OBJC_WEAK = YES;
				CLANG_WARN_BLOCK_CAPTURE_AUTORELEASING = YES;
				CLANG_WARN_BOOL_CONVERSION = YES;
				CLANG_WARN_COMMA = YES;
				CLANG_WARN_CONSTANT_CONVERSION = YES;
				CLANG_WARN_DEPRECATED_OBJC_IMPLEMENTATIONS = YES;
				CLANG_WARN_DIRECT_OBJC_ISA_USAGE = YES_ERROR;
				CLANG_WARN_DOCUMENTATION_COMMENTS = YES;
				CLANG_WARN_EMPTY_BODY = YES;
				CLANG_WARN_ENUM_CONVERSION = YES;
				CLANG_WARN_INFINITE_RECURSION = YES;
				CLANG_WARN_INT_CONVERSION = YES;
				CLANG_WARN_NON_LITERAL_NULL_CONVERSION = YES;
				CLANG_WARN_OBJC_IMPLICIT_RETAIN_SELF = YES;
				CLANG_WARN_OBJC_LITERAL_CONVERSION = YES;
				CLANG_WARN_OBJC_ROOT_CLASS = YES_ERROR;
				CLANG_WARN_QUOTED_INCLUDE_IN_FRAMEWORK_HEADER = YES;
				CLANG_WARN_RANGE_LOOP_ANALYSIS = YES;
				CLANG_WARN_STRICT_PROTOTYPES = YES;
				CLANG_WARN_SUSPICIOUS_MOVE = YES;
				CLANG_WARN_UNGUARDED_AVAILABILITY = YES_AGGRESSIVE;
				CLANG_WARN_UNREACHABLE_CODE = YES;
				CLANG_WARN__DUPLICATE_METHOD_MATCH = YES;
				COPY_PHASE_STRIP = NO;
				DEBUG_INFORMATION_FORMAT = dwarf;
				ENABLE_STRICT_OBJC_MSGSEND = YES;
				ENABLE_TESTABILITY = YES;
				GCC_C_LANGUAGE_STANDARD = gnu11;
				GCC_DYNAMIC_NO_PIC = NO;
				GCC_NO_COMMON_BLOCKS = YES;
				GCC_OPTIMIZATION_LEVEL = 0;
				GCC_PREPROCESSOR_DEFINITIONS = (
					"DEBUG=1",
					"$(inherited)",
				);
				GCC_WARN_64_TO_32_BIT_CONVERSION = YES;
				GCC_WARN_ABOUT_RETURN_TYPE = YES_ERROR;
				GCC_WARN_UNDECLARED_SELECTOR = YES;
				GCC_WARN_UNINITIALIZED_AUTOS = YES_AGGRESSIVE;
				GCC_WARN_UNUSED_FUNCTION = YES;
				GCC_WARN_UNUSED_VARIABLE = YES;
				IPHONEOS_DEPLOYMENT_TARGET = 12.0;
				MACOSX_DEPLOYMENT_TARGET = 10.9;
				MTL_ENABLE_DEBUG_INFO = INCLUDE_SOURCE;
				MTL_FAST_MATH = YES;
				ONLY_ACTIVE_ARCH = YES;
				SWIFT_ACTIVE_COMPILATION_CONDITIONS = DEBUG;
				SWIFT_OPTIMIZATION_LEVEL = "-Onone";
			};
			name = Debug;
		};
		299883F92768A978001790D6 /* Release */ = {
			isa = XCBuildConfiguration;
			buildSettings = {
				ALWAYS_SEARCH_USER_PATHS = NO;
				CLANG_ANALYZER_NONNULL = YES;
				CLANG_ANALYZER_NUMBER_OBJECT_CONVERSION = YES_AGGRESSIVE;
				CLANG_CXX_LANGUAGE_STANDARD = "gnu++17";
				CLANG_CXX_LIBRARY = "libc++";
				CLANG_ENABLE_MODULES = YES;
				CLANG_ENABLE_OBJC_ARC = YES;
				CLANG_ENABLE_OBJC_WEAK = YES;
				CLANG_WARN_BLOCK_CAPTURE_AUTORELEASING = YES;
				CLANG_WARN_BOOL_CONVERSION = YES;
				CLANG_WARN_COMMA = YES;
				CLANG_WARN_CONSTANT_CONVERSION = YES;
				CLANG_WARN_DEPRECATED_OBJC_IMPLEMENTATIONS = YES;
				CLANG_WARN_DIRECT_OBJC_ISA_USAGE = YES_ERROR;
				CLANG_WARN_DOCUMENTATION_COMMENTS = YES;
				CLANG_WARN_EMPTY_BODY = YES;
				CLANG_WARN_ENUM_CONVERSION = YES;
				CLANG_WARN_INFINITE_RECURSION = YES;
				CLANG_WARN_INT_CONVERSION = YES;
				CLANG_WARN_NON_LITERAL_NULL_CONVERSION = YES;
				CLANG_WARN_OBJC_IMPLICIT_RETAIN_SELF = YES;
				CLANG_WARN_OBJC_LITERAL_CONVERSION = YES;
				CLANG_WARN_OBJC_ROOT_CLASS = YES_ERROR;
				CLANG_WARN_QUOTED_INCLUDE_IN_FRAMEWORK_HEADER = YES;
				CLANG_WARN_RANGE_LOOP_ANALYSIS = YES;
				CLANG_WARN_STRICT_PROTOTYPES = YES;
				CLANG_WARN_SUSPICIOUS_MOVE = YES;
				CLANG_WARN_UNGUARDED_AVAILABILITY = YES_AGGRESSIVE;
				CLANG_WARN_UNREACHABLE_CODE = YES;
				CLANG_WARN__DUPLICATE_METHOD_MATCH = YES;
				COPY_PHASE_STRIP = NO;
				DEBUG_INFORMATION_FORMAT = "dwarf-with-dsym";
				ENABLE_NS_ASSERTIONS = NO;
				ENABLE_STRICT_OBJC_MSGSEND = YES;
				GCC_C_LANGUAGE_STANDARD = gnu11;
				GCC_NO_COMMON_BLOCKS = YES;
				GCC_WARN_64_TO_32_BIT_CONVERSION = YES;
				GCC_WARN_ABOUT_RETURN_TYPE = YES_ERROR;
				GCC_WARN_UNDECLARED_SELECTOR = YES;
				GCC_WARN_UNINITIALIZED_AUTOS = YES_AGGRESSIVE;
				GCC_WARN_UNUSED_FUNCTION = YES;
				GCC_WARN_UNUSED_VARIABLE = YES;
				IPHONEOS_DEPLOYMENT_TARGET = 12.0;
				MACOSX_DEPLOYMENT_TARGET = 10.9;
				MTL_ENABLE_DEBUG_INFO = NO;
				MTL_FAST_MATH = YES;
				SWIFT_COMPILATION_MODE = wholemodule;
				SWIFT_OPTIMIZATION_LEVEL = "-O";
			};
			name = Release;
		};
		299883FB2768A978001790D6 /* Debug */ = {
			isa = XCBuildConfiguration;
			buildSettings = {
				ASSETCATALOG_COMPILER_APPICON_NAME = AppIcon;
				ASSETCATALOG_COMPILER_GLOBAL_ACCENT_COLOR_NAME = AccentColor;
				CODE_SIGN_STYLE = Automatic;
				CURRENT_PROJECT_VERSION = 1;
				DEVELOPMENT_TEAM = FV7P3U9Z3A;
				ENABLE_PREVIEWS = YES;
				GENERATE_INFOPLIST_FILE = YES;
				INFOPLIST_FILE = "Zikr-Azker--iOS--Info.plist";
				INFOPLIST_KEY_UIApplicationSceneManifest_Generation = YES;
				INFOPLIST_KEY_UIApplicationSupportsIndirectInputEvents = YES;
				INFOPLIST_KEY_UILaunchScreen_Generation = YES;
				INFOPLIST_KEY_UISupportedInterfaceOrientations_iPad = "UIInterfaceOrientationPortrait UIInterfaceOrientationPortraitUpsideDown UIInterfaceOrientationLandscapeLeft UIInterfaceOrientationLandscapeRight";
				INFOPLIST_KEY_UISupportedInterfaceOrientations_iPhone = "UIInterfaceOrientationPortrait UIInterfaceOrientationLandscapeLeft UIInterfaceOrientationLandscapeRight";
				IPHONEOS_DEPLOYMENT_TARGET = 15.0;
				LD_RUNPATH_SEARCH_PATHS = (
					"$(inherited)",
					"@executable_path/Frameworks",
				);
				MARKETING_VERSION = 1.0;
				PRODUCT_BUNDLE_IDENTIFIER = "Zikr-Organization.Zikr-Azker";
				PRODUCT_NAME = "Zikr Azker";
				SDKROOT = iphoneos;
				SWIFT_EMIT_LOC_STRINGS = YES;
				SWIFT_VERSION = 5.0;
				TARGETED_DEVICE_FAMILY = 1;
			};
			name = Debug;
		};
		299883FC2768A978001790D6 /* Release */ = {
			isa = XCBuildConfiguration;
			buildSettings = {
				ASSETCATALOG_COMPILER_APPICON_NAME = AppIcon;
				ASSETCATALOG_COMPILER_GLOBAL_ACCENT_COLOR_NAME = AccentColor;
				CODE_SIGN_STYLE = Automatic;
				CURRENT_PROJECT_VERSION = 1;
				DEVELOPMENT_TEAM = FV7P3U9Z3A;
				ENABLE_PREVIEWS = YES;
				GENERATE_INFOPLIST_FILE = YES;
				INFOPLIST_FILE = "Zikr-Azker--iOS--Info.plist";
				INFOPLIST_KEY_UIApplicationSceneManifest_Generation = YES;
				INFOPLIST_KEY_UIApplicationSupportsIndirectInputEvents = YES;
				INFOPLIST_KEY_UILaunchScreen_Generation = YES;
				INFOPLIST_KEY_UISupportedInterfaceOrientations_iPad = "UIInterfaceOrientationPortrait UIInterfaceOrientationPortraitUpsideDown UIInterfaceOrientationLandscapeLeft UIInterfaceOrientationLandscapeRight";
				INFOPLIST_KEY_UISupportedInterfaceOrientations_iPhone = "UIInterfaceOrientationPortrait UIInterfaceOrientationLandscapeLeft UIInterfaceOrientationLandscapeRight";
				IPHONEOS_DEPLOYMENT_TARGET = 15.0;
				LD_RUNPATH_SEARCH_PATHS = (
					"$(inherited)",
					"@executable_path/Frameworks",
				);
				MARKETING_VERSION = 1.0;
				PRODUCT_BUNDLE_IDENTIFIER = "Zikr-Organization.Zikr-Azker";
				PRODUCT_NAME = "Zikr Azker";
				SDKROOT = iphoneos;
				SWIFT_EMIT_LOC_STRINGS = YES;
				SWIFT_VERSION = 5.0;
				TARGETED_DEVICE_FAMILY = 1;
				VALIDATE_PRODUCT = YES;
			};
			name = Release;
		};
		299883FE2768A978001790D6 /* Debug */ = {
			isa = XCBuildConfiguration;
			buildSettings = {
				ASSETCATALOG_COMPILER_APPICON_NAME = AppIcon;
				ASSETCATALOG_COMPILER_GLOBAL_ACCENT_COLOR_NAME = AccentColor;
				CODE_SIGN_ENTITLEMENTS = macOS/macOS.entitlements;
				CODE_SIGN_IDENTITY = "-";
				CODE_SIGN_STYLE = Automatic;
				COMBINE_HIDPI_IMAGES = YES;
				CURRENT_PROJECT_VERSION = 1;
				ENABLE_PREVIEWS = YES;
				GENERATE_INFOPLIST_FILE = YES;
				INFOPLIST_KEY_LSApplicationCategoryType = "public.app-category.entertainment";
				INFOPLIST_KEY_NSHumanReadableCopyright = "";
				LD_RUNPATH_SEARCH_PATHS = (
					"$(inherited)",
					"@executable_path/../Frameworks",
				);
				MACOSX_DEPLOYMENT_TARGET = 11.5;
				MARKETING_VERSION = 1.0;
				PRODUCT_BUNDLE_IDENTIFIER = "Zikr-Organization.Zikr-Azker";
				PRODUCT_NAME = "Zikr Azker";
				SDKROOT = macosx;
				SWIFT_EMIT_LOC_STRINGS = YES;
				SWIFT_VERSION = 5.0;
			};
			name = Debug;
		};
		299883FF2768A978001790D6 /* Release */ = {
			isa = XCBuildConfiguration;
			buildSettings = {
				ASSETCATALOG_COMPILER_APPICON_NAME = AppIcon;
				ASSETCATALOG_COMPILER_GLOBAL_ACCENT_COLOR_NAME = AccentColor;
				CODE_SIGN_ENTITLEMENTS = macOS/macOS.entitlements;
				CODE_SIGN_IDENTITY = "-";
				CODE_SIGN_STYLE = Automatic;
				COMBINE_HIDPI_IMAGES = YES;
				CURRENT_PROJECT_VERSION = 1;
				ENABLE_PREVIEWS = YES;
				GENERATE_INFOPLIST_FILE = YES;
				INFOPLIST_KEY_LSApplicationCategoryType = "public.app-category.entertainment";
				INFOPLIST_KEY_NSHumanReadableCopyright = "";
				LD_RUNPATH_SEARCH_PATHS = (
					"$(inherited)",
					"@executable_path/../Frameworks",
				);
				MACOSX_DEPLOYMENT_TARGET = 11.5;
				MARKETING_VERSION = 1.0;
				PRODUCT_BUNDLE_IDENTIFIER = "Zikr-Organization.Zikr-Azker";
				PRODUCT_NAME = "Zikr Azker";
				SDKROOT = macosx;
				SWIFT_EMIT_LOC_STRINGS = YES;
				SWIFT_VERSION = 5.0;
			};
			name = Release;
		};
/* End XCBuildConfiguration section */

/* Begin XCConfigurationList section */
		299883E02768A976001790D6 /* Build configuration list for PBXProject "Zikr Azker" */ = {
			isa = XCConfigurationList;
			buildConfigurations = (
				299883F82768A978001790D6 /* Debug */,
				299883F92768A978001790D6 /* Release */,
			);
			defaultConfigurationIsVisible = 0;
			defaultConfigurationName = Release;
		};
		299883FA2768A978001790D6 /* Build configuration list for PBXNativeTarget "Zikr Azker (iOS)" */ = {
			isa = XCConfigurationList;
			buildConfigurations = (
				299883FB2768A978001790D6 /* Debug */,
				299883FC2768A978001790D6 /* Release */,
			);
			defaultConfigurationIsVisible = 0;
			defaultConfigurationName = Release;
		};
		299883FD2768A978001790D6 /* Build configuration list for PBXNativeTarget "Zikr Azker (macOS)" */ = {
			isa = XCConfigurationList;
			buildConfigurations = (
				299883FE2768A978001790D6 /* Debug */,
				299883FF2768A978001790D6 /* Release */,
			);
			defaultConfigurationIsVisible = 0;
			defaultConfigurationName = Release;
		};
/* End XCConfigurationList section */

/* Begin XCVersionGroup section */
		2946024B278B084C00BFA864 /* Zikr Azker.xcdatamodeld */ = {
			isa = XCVersionGroup;
			children = (
				2946024C278B084C00BFA864 /* Zikr Azker.xcdatamodel */,
			);
			currentVersion = 2946024C278B084C00BFA864 /* Zikr Azker.xcdatamodel */;
			path = "Zikr Azker.xcdatamodeld";
			sourceTree = "<group>";
			versionGroupType = wrapper.xcdatamodel;
		};
/* End XCVersionGroup section */
	};
	rootObject = 299883DD2768A976001790D6 /* Project object */;
}
